
Microsoft Visual Studio Solution File, Format Version 12.00
# Visual Studio Version 17
VisualStudioVersion = 17.4.33205.214
MinimumVisualStudioVersion = 10.0.40219.1
Project("{FAE04EC0-301F-11D3-BF4B-00C04F79EFBC}") = "Oopsproblems", "OopsPracticeproblema\Oopsproblems.csproj", "{5294E164-FDE1-47D5-94CE-C0F2153EED23}"
EndProject
Global
	GlobalSection(SolutionConfigurationPlatforms) = preSolution
		Debug|Any CPU = Debug|Any CPU
		Release|Any CPU = Release|Any CPU
	EndGlobalSection
	GlobalSection(ProjectConfigurationPlatforms) = postSolution
		{5294E164-FDE1-47D5-94CE-C0F2153EED23}.Debug|Any CPU.ActiveCfg = Debug|Any CPU
		{5294E164-FDE1-47D5-94CE-C0F2153EED23}.Debug|Any CPU.Build.0 = Debug|Any CPU
		{5294E164-FDE1-47D5-94CE-C0F2153EED23}.Release|Any CPU.ActiveCfg = Release|Any CPU
		{5294E164-FDE1-47D5-94CE-C0F2153EED23}.Release|Any CPU.Build.0 = Release|Any CPU
	EndGlobalSection
	GlobalSection(SolutionProperties) = preSolution
		HideSolutionNode = FALSE
	EndGlobalSection
	GlobalSection(ExtensibilityGlobals) = postSolution
		SolutionGuid = {15FFF980-AA42-4FE7-A266-0C7354321C1E}
	EndGlobalSection
EndGlobal
